
Microsoft Visual Studio Solution File, Format Version 12.00
# Visual Studio Version 17
VisualStudioVersion = 17.11.35327.3
MinimumVisualStudioVersion = 10.0.40219.1
Project("{2150E333-8FDC-42A3-9474-1A3956D46DE8}") = "Services", "Services", "{BDCE1BDD-5C63-46CE-90D8-EDE6896B356C}"
EndProject
Project("{2150E333-8FDC-42A3-9474-1A3956D46DE8}") = "SharedLibrary", "SharedLibrary", "{FD77A01C-3877-4CDB-B5E9-1A3F54A41B30}"
EndProject
Project("{9A19103F-16F7-4668-BE54-9A1E7A4F7556}") = "SharedLibrary", "SharedLibrary\SharedLibrary\SharedLibrary.csproj", "{B5056A27-CDD8-4F12-A693-07639A2CD494}"
EndProject
Project("{2150E333-8FDC-42A3-9474-1A3956D46DE8}") = "Auth", "Auth", "{390A331C-852E-41F5-BA28-3F7BCEDDA76C}"
EndProject
Project("{9A19103F-16F7-4668-BE54-9A1E7A4F7556}") = "Auth.API", "Services\Auth\Auth.API\Auth.API.csproj", "{791B777E-5A50-4579-B6E1-3A6BBF08D1BF}"
EndProject
Project("{2150E333-8FDC-42A3-9474-1A3956D46DE8}") = "Tests", "Tests", "{43D6812B-B292-493E-AC38-D692733510EA}"
EndProject
Project("{2150E333-8FDC-42A3-9474-1A3956D46DE8}") = "Auth", "Auth", "{29ADB53C-B323-496B-BD62-3B79DD03574D}"
EndProject
Project("{9A19103F-16F7-4668-BE54-9A1E7A4F7556}") = "UnitTests", "Tests\Auth\UnitTests\UnitTests.csproj", "{6C638CD4-C64A-42DA-845C-4D53A64E66B8}"
EndProject
Project("{E53339B2-1760-4266-BCC7-CA923CBCF16C}") = "docker-compose", "docker-compose.dcproj", "{0F62A136-6081-453C-8145-717519B31BD2}"
EndProject
Project("{2150E333-8FDC-42A3-9474-1A3956D46DE8}") = "Yarp", "Yarp", "{4E163624-9182-4C8B-B992-EDE9A0959DFB}"
EndProject
Project("{9A19103F-16F7-4668-BE54-9A1E7A4F7556}") = "Yarp.API", "Services\Yarp\Yarp.API\Yarp.API.csproj", "{80847727-A404-4734-874B-163A3094CFE6}"
EndProject
Project("{2150E333-8FDC-42A3-9474-1A3956D46DE8}") = "ExpenseManagement", "ExpenseManagement", "{BACF4C74-69DE-49D3-89B5-A2122D2AEF95}"
EndProject
Project("{FAE04EC0-301F-11D3-BF4B-00C04F79EFBC}") = "ExpenseManagement.API", "Services\ExpenseManagement\ExpenseManagement.API\ExpenseManagement.API.csproj", "{7371EE2A-F4FB-47DA-BB2E-90D45BFFF1C3}"
EndProject
Global
	GlobalSection(SolutionConfigurationPlatforms) = preSolution
		Debug|Any CPU = Debug|Any CPU
		Release|Any CPU = Release|Any CPU
	EndGlobalSection
	GlobalSection(ProjectConfigurationPlatforms) = postSolution
		{B5056A27-CDD8-4F12-A693-07639A2CD494}.Debug|Any CPU.ActiveCfg = Debug|Any CPU
		{B5056A27-CDD8-4F12-A693-07639A2CD494}.Debug|Any CPU.Build.0 = Debug|Any CPU
		{B5056A27-CDD8-4F12-A693-07639A2CD494}.Release|Any CPU.ActiveCfg = Release|Any CPU
		{B5056A27-CDD8-4F12-A693-07639A2CD494}.Release|Any CPU.Build.0 = Release|Any CPU
		{791B777E-5A50-4579-B6E1-3A6BBF08D1BF}.Debug|Any CPU.ActiveCfg = Debug|Any CPU
		{791B777E-5A50-4579-B6E1-3A6BBF08D1BF}.Debug|Any CPU.Build.0 = Debug|Any CPU
		{791B777E-5A50-4579-B6E1-3A6BBF08D1BF}.Release|Any CPU.ActiveCfg = Release|Any CPU
		{791B777E-5A50-4579-B6E1-3A6BBF08D1BF}.Release|Any CPU.Build.0 = Release|Any CPU
		{6C638CD4-C64A-42DA-845C-4D53A64E66B8}.Debug|Any CPU.ActiveCfg = Debug|Any CPU
		{6C638CD4-C64A-42DA-845C-4D53A64E66B8}.Debug|Any CPU.Build.0 = Debug|Any CPU
		{6C638CD4-C64A-42DA-845C-4D53A64E66B8}.Release|Any CPU.ActiveCfg = Release|Any CPU
		{6C638CD4-C64A-42DA-845C-4D53A64E66B8}.Release|Any CPU.Build.0 = Release|Any CPU
		{0F62A136-6081-453C-8145-717519B31BD2}.Debug|Any CPU.ActiveCfg = Debug|Any CPU
		{0F62A136-6081-453C-8145-717519B31BD2}.Debug|Any CPU.Build.0 = Debug|Any CPU
		{0F62A136-6081-453C-8145-717519B31BD2}.Release|Any CPU.ActiveCfg = Release|Any CPU
		{0F62A136-6081-453C-8145-717519B31BD2}.Release|Any CPU.Build.0 = Release|Any CPU
		{80847727-A404-4734-874B-163A3094CFE6}.Debug|Any CPU.ActiveCfg = Debug|Any CPU
		{80847727-A404-4734-874B-163A3094CFE6}.Debug|Any CPU.Build.0 = Debug|Any CPU
		{80847727-A404-4734-874B-163A3094CFE6}.Release|Any CPU.ActiveCfg = Release|Any CPU
		{80847727-A404-4734-874B-163A3094CFE6}.Release|Any CPU.Build.0 = Release|Any CPU
		{7371EE2A-F4FB-47DA-BB2E-90D45BFFF1C3}.Debug|Any CPU.ActiveCfg = Debug|Any CPU
		{7371EE2A-F4FB-47DA-BB2E-90D45BFFF1C3}.Debug|Any CPU.Build.0 = Debug|Any CPU
		{7371EE2A-F4FB-47DA-BB2E-90D45BFFF1C3}.Release|Any CPU.ActiveCfg = Release|Any CPU
		{7371EE2A-F4FB-47DA-BB2E-90D45BFFF1C3}.Release|Any CPU.Build.0 = Release|Any CPU
	EndGlobalSection
	GlobalSection(SolutionProperties) = preSolution
		HideSolutionNode = FALSE
	EndGlobalSection
	GlobalSection(NestedProjects) = preSolution
		{B5056A27-CDD8-4F12-A693-07639A2CD494} = {FD77A01C-3877-4CDB-B5E9-1A3F54A41B30}
		{390A331C-852E-41F5-BA28-3F7BCEDDA76C} = {BDCE1BDD-5C63-46CE-90D8-EDE6896B356C}
		{791B777E-5A50-4579-B6E1-3A6BBF08D1BF} = {390A331C-852E-41F5-BA28-3F7BCEDDA76C}
		{29ADB53C-B323-496B-BD62-3B79DD03574D} = {43D6812B-B292-493E-AC38-D692733510EA}
		{6C638CD4-C64A-42DA-845C-4D53A64E66B8} = {29ADB53C-B323-496B-BD62-3B79DD03574D}
		{4E163624-9182-4C8B-B992-EDE9A0959DFB} = {BDCE1BDD-5C63-46CE-90D8-EDE6896B356C}
		{80847727-A404-4734-874B-163A3094CFE6} = {4E163624-9182-4C8B-B992-EDE9A0959DFB}
		{BACF4C74-69DE-49D3-89B5-A2122D2AEF95} = {BDCE1BDD-5C63-46CE-90D8-EDE6896B356C}
		{7371EE2A-F4FB-47DA-BB2E-90D45BFFF1C3} = {BACF4C74-69DE-49D3-89B5-A2122D2AEF95}
	EndGlobalSection
	GlobalSection(ExtensibilityGlobals) = postSolution
		SolutionGuid = {D3180F6E-7616-40D7-953A-CD4AACF8480A}
	EndGlobalSection
EndGlobal
